
Microsoft Visual Studio Solution File, Format Version 12.00
# Visual Studio Version 17
VisualStudioVersion = 17.7.34202.233
MinimumVisualStudioVersion = 10.0.40219.1
Project("{9A19103F-16F7-4668-BE54-9A1E7A4F7556}") = "ConsoleJson", "ConsoleJson\ConsoleJson.csproj", "{C67700B9-6B66-4BE3-B93F-2672A54C0A72}"
EndProject
Project("{9A19103F-16F7-4668-BE54-9A1E7A4F7556}") = "TestConsoleJson", "TestConsoleJson\TestConsoleJson.csproj", "{21486ECC-7626-4510-A3A1-091EE4C990E4}"
EndProject
Global
	GlobalSection(SolutionConfigurationPlatforms) = preSolution
		Debug|Any CPU = Debug|Any CPU
		Release|Any CPU = Release|Any CPU
	EndGlobalSection
	GlobalSection(ProjectConfigurationPlatforms) = postSolution
		{C67700B9-6B66-4BE3-B93F-2672A54C0A72}.Debug|Any CPU.ActiveCfg = Debug|Any CPU
		{C67700B9-6B66-4BE3-B93F-2672A54C0A72}.Debug|Any CPU.Build.0 = Debug|Any CPU
		{C67700B9-6B66-4BE3-B93F-2672A54C0A72}.Release|Any CPU.ActiveCfg = Release|Any CPU
		{C67700B9-6B66-4BE3-B93F-2672A54C0A72}.Release|Any CPU.Build.0 = Release|Any CPU
		{21486ECC-7626-4510-A3A1-091EE4C990E4}.Debug|Any CPU.ActiveCfg = Debug|Any CPU
		{21486ECC-7626-4510-A3A1-091EE4C990E4}.Debug|Any CPU.Build.0 = Debug|Any CPU
		{21486ECC-7626-4510-A3A1-091EE4C990E4}.Release|Any CPU.ActiveCfg = Release|Any CPU
		{21486ECC-7626-4510-A3A1-091EE4C990E4}.Release|Any CPU.Build.0 = Release|Any CPU
	EndGlobalSection
	GlobalSection(SolutionProperties) = preSolution
		HideSolutionNode = FALSE
	EndGlobalSection
	GlobalSection(ExtensibilityGlobals) = postSolution
		SolutionGuid = {FCB14CFC-FB9A-4C3D-A8E9-E7661535D439}
	EndGlobalSection
EndGlobal
